
Microsoft Visual Studio Solution File, Format Version 12.00
# Visual Studio 2015
Project("{FAE04EC0-301F-11D3-BF4B-00C04F79EFBC}") = "Hujan Kue", "Hujan Kue.csproj", "{BBB8414C-7CF2-ED4E-0371-EE212AF7301A}"
EndProject
Global
	GlobalSection(SolutionConfigurationPlatforms) = preSolution
		Debug|Any CPU = Debug|Any CPU
		Release|Any CPU = Release|Any CPU
	EndGlobalSection
	GlobalSection(ProjectConfigurationPlatforms) = postSolution
		{BBB8414C-7CF2-ED4E-0371-EE212AF7301A}.Debug|Any CPU.ActiveCfg = Debug|Any CPU
		{BBB8414C-7CF2-ED4E-0371-EE212AF7301A}.Debug|Any CPU.Build.0 = Debug|Any CPU
		{BBB8414C-7CF2-ED4E-0371-EE212AF7301A}.Release|Any CPU.ActiveCfg = Release|Any CPU
		{BBB8414C-7CF2-ED4E-0371-EE212AF7301A}.Release|Any CPU.Build.0 = Release|Any CPU
	EndGlobalSection
	GlobalSection(SolutionProperties) = preSolution
		HideSolutionNode = FALSE
	EndGlobalSection
EndGlobal
